# This file is autogenerated, do not edit; changes may be undone by the next 'dep ensure'.


[[projects]]
  name = "github.com/sahilm/fuzzy"
  packages = ["."]
  revision = "df93d96a0fd86b97655b90f63c70802b4e793afb"
  version = "v0.0.5"

[solve-meta]
  analyzer-name = "dep"
  analyzer-version = 1
  inputs-digest = "8e5eb3161378a92cecd2c5fd3d59e74f3035e1668348eabc727a2cc243c0362f"
  solver-name = "gps-cdcl"
  solver-version = 1
